
Microsoft Visual Studio Solution File, Format Version 12.00
# Visual Studio Version 17
VisualStudioVersion = 17.9.34714.143
MinimumVisualStudioVersion = 10.0.40219.1
Project("{8BC9CEB8-8B4A-11D0-8D11-00A0C91BC942}") = "Taio", "Taio.vcxproj", "{F7A3948A-067F-4A3D-BB67-5B6E95E731FE}"
EndProject
Global
	GlobalSection(SolutionConfigurationPlatforms) = preSolution
		Debug|x64 = Debug|x64
		Debug|x86 = Debug|x86
		Release|x64 = Release|x64
		Release|x86 = Release|x86
	EndGlobalSection
	GlobalSection(ProjectConfigurationPlatforms) = postSolution
		{F7A3948A-067F-4A3D-BB67-5B6E95E731FE}.Debug|x64.ActiveCfg = Debug|x64
		{F7A3948A-067F-4A3D-BB67-5B6E95E731FE}.Debug|x64.Build.0 = Debug|x64
		{F7A3948A-067F-4A3D-BB67-5B6E95E731FE}.Debug|x86.ActiveCfg = Debug|Win32
		{F7A3948A-067F-4A3D-BB67-5B6E95E731FE}.Debug|x86.Build.0 = Debug|Win32
		{F7A3948A-067F-4A3D-BB67-5B6E95E731FE}.Release|x64.ActiveCfg = Release|x64
		{F7A3948A-067F-4A3D-BB67-5B6E95E731FE}.Release|x64.Build.0 = Release|x64
		{F7A3948A-067F-4A3D-BB67-5B6E95E731FE}.Release|x86.ActiveCfg = Release|Win32
		{F7A3948A-067F-4A3D-BB67-5B6E95E731FE}.Release|x86.Build.0 = Release|Win32
	EndGlobalSection
	GlobalSection(SolutionProperties) = preSolution
		HideSolutionNode = FALSE
	EndGlobalSection
	GlobalSection(ExtensibilityGlobals) = postSolution
		SolutionGuid = {193B0444-B11D-45E9-9480-945C1AA402C9}
	EndGlobalSection
EndGlobal
